# This file is automatically @generated by Cargo.
# It is not intended for manual editing.
version = 4

[[package]]
name = "bitflags"
version = "1.3.2"
source = "registry+https://github.com/rust-lang/crates.io-index"
checksum = "bef38d45163c2f1dde094a7dfd33ccf595c92905c8f8f4fdc18d06fb1037718a"

[[package]]
name = "gen-seccomp"
version = "0.1.0"
dependencies = [
 "libc",
 "libseccomp",
]

[[package]]
name = "libc"
version = "0.2.189"
source = "registry+https://github.com/rust-lang/crates.io-index"
checksum = "3eaf3ede3fee6db1a4c2ee091bf8a8b4dccdc6d17f656fb07896ee72867612f2"

[[package]]
name = "libseccomp"
version = "0.3.0"
source = "registry+https://github.com/rust-lang/crates.io-index"
checksum = "21c57fd8981a80019807b7b68118618d29a87177c63d704fc96e6ecd003ae5b3"
dependencies = [
 "bitflags",
 "libc",
 "libseccomp-sys",
 "pkg-config",
]

[[package]]
name = "libseccomp-sys"
version = "0.2.1"
source = "registry+https://github.com/rust-lang/crates.io-index"
checksum = "9a7cbbd4ad467251987c6e5b47d53b11a5a05add08f2447a9e2d70aef1e0d138"

[[package]]
name = "pkg-config"
version = "0.3.33"
source = "registry+https://github.com/rust-lang/crates.io-index"
checksum = "19f132c84eca552bf34cab8ec81f1c1dcc229b811638f9d283dceabe58c5569e"
